// !$*UTF8*$!
{
	archiveVersion = 1;
	classes = {
	};
	objectVersion = 48;
	objects = {

/* Begin PBXBuildFile section */
		E5B521D13F02F46FBABC5C21 /* Pods_GeekMeets.framework in Frameworks */ = {isa = PBXBuildFile; fileRef = EC146BF9C834F09E88494EB4 /* Pods_GeekMeets.framework */; };
		F76A8D832440396800ED9947 /* CustomerWindowExtension.swift in Sources */ = {isa = PBXBuildFile; fileRef = F76A8D7C2440396700ED9947 /* CustomerWindowExtension.swift */; };
		F76A8D842440396800ED9947 /* BlockClass.swift in Sources */ = {isa = PBXBuildFile; fileRef = F76A8D7D2440396700ED9947 /* BlockClass.swift */; };
		F76A8D862440396800ED9947 /* CustomerEnumaration.swift in Sources */ = {isa = PBXBuildFile; fileRef = F76A8D7F2440396700ED9947 /* CustomerEnumaration.swift */; };
		F76A8D872440396800ED9947 /* DocumentDirectory.swift in Sources */ = {isa = PBXBuildFile; fileRef = F76A8D802440396700ED9947 /* DocumentDirectory.swift */; };
		F7CD7A4D24442F3A00E02A9E /* TutorialPagePresenter.swift in Sources */ = {isa = PBXBuildFile; fileRef = F7CD7A4A24442F3A00E02A9E /* TutorialPagePresenter.swift */; };
		F7CD7A4E24442F3A00E02A9E /* TutorialPageViewController.swift in Sources */ = {isa = PBXBuildFile; fileRef = F7CD7A4B24442F3A00E02A9E /* TutorialPageViewController.swift */; };
		F7CD7A4F24442F3A00E02A9E /* TutorialPageInteractor.swift in Sources */ = {isa = PBXBuildFile; fileRef = F7CD7A4C24442F3A00E02A9E /* TutorialPageInteractor.swift */; };
		F90B4C9E20329C45006ADAF6 /* Main.storyboard in Resources */ = {isa = PBXBuildFile; fileRef = F90B4C9C20329C45006ADAF6 /* Main.storyboard */; };
		F90B4CA020329C45006ADAF6 /* Assets.xcassets in Resources */ = {isa = PBXBuildFile; fileRef = F90B4C9F20329C45006ADAF6 /* Assets.xcassets */; };
		F90B4CA320329C45006ADAF6 /* LaunchScreen.storyboard in Resources */ = {isa = PBXBuildFile; fileRef = F90B4CA120329C45006ADAF6 /* LaunchScreen.storyboard */; };
		F90B4CD92032A87B006ADAF6 /* Structure_Guide.rtf in Resources */ = {isa = PBXBuildFile; fileRef = F90B4CD82032A87B006ADAF6 /* Structure_Guide.rtf */; };
		F90B4CDE2032AAB8006ADAF6 /* AppDelegate.swift in Sources */ = {isa = PBXBuildFile; fileRef = F90B4CDC2032AAB8006ADAF6 /* AppDelegate.swift */; };
		F90B4CE22032F4A6006ADAF6 /* SOAPI.swift in Sources */ = {isa = PBXBuildFile; fileRef = F90B4CE02032F4A6006ADAF6 /* SOAPI.swift */; };
		F90B4CE52032F4A6006ADAF6 /* SOService.swift in Sources */ = {isa = PBXBuildFile; fileRef = F90B4CE12032F4A6006ADAF6 /* SOService.swift */; };
		F948AECA203E865500F5A852 /* AppdelegateNotification.swift in Sources */ = {isa = PBXBuildFile; fileRef = F948AEC9203E865500F5A852 /* AppdelegateNotification.swift */; };
		F952382B2047BA3500BC0D49 /* RequestParameter.swift in Sources */ = {isa = PBXBuildFile; fileRef = F952382A2047BA3400BC0D49 /* RequestParameter.swift */; };
		F952382F2047D66B00BC0D49 /* ChangePasswordInteractor.swift in Sources */ = {isa = PBXBuildFile; fileRef = F952382C2047D66B00BC0D49 /* ChangePasswordInteractor.swift */; };
		F95238302047D66B00BC0D49 /* ChangePasswordPresenter.swift in Sources */ = {isa = PBXBuildFile; fileRef = F952382D2047D66B00BC0D49 /* ChangePasswordPresenter.swift */; };
		F95238312047D66B00BC0D49 /* ChangePasswordViewController.swift in Sources */ = {isa = PBXBuildFile; fileRef = F952382E2047D66B00BC0D49 /* ChangePasswordViewController.swift */; };
		F953B8D420467AFB00BE4F67 /* SettingsInteractor.swift in Sources */ = {isa = PBXBuildFile; fileRef = F953B8D120467AFB00BE4F67 /* SettingsInteractor.swift */; };
		F953B8D520467AFB00BE4F67 /* SettingsPresenter.swift in Sources */ = {isa = PBXBuildFile; fileRef = F953B8D220467AFB00BE4F67 /* SettingsPresenter.swift */; };
		F953B8D620467AFB00BE4F67 /* SettingsViewController.swift in Sources */ = {isa = PBXBuildFile; fileRef = F953B8D320467AFB00BE4F67 /* SettingsViewController.swift */; };
		F953B8DE20467B3300BE4F67 /* Settings.storyboard in Resources */ = {isa = PBXBuildFile; fileRef = F953B8DD20467B3300BE4F67 /* Settings.storyboard */; };
		F953B8E22046836E00BE4F67 /* EditProfileInteractor.swift in Sources */ = {isa = PBXBuildFile; fileRef = F953B8DF2046836E00BE4F67 /* EditProfileInteractor.swift */; };
		F953B8E32046836E00BE4F67 /* EditProfilePresenter.swift in Sources */ = {isa = PBXBuildFile; fileRef = F953B8E02046836E00BE4F67 /* EditProfilePresenter.swift */; };
		F953B8E42046836E00BE4F67 /* EditProfileViewController.swift in Sources */ = {isa = PBXBuildFile; fileRef = F953B8E12046836E00BE4F67 /* EditProfileViewController.swift */; };
		F96C2D102037E78800F8CBC7 /* Localizable.strings in Resources */ = {isa = PBXBuildFile; fileRef = F96C2D142037E78800F8CBC7 /* Localizable.strings */; };
		F96C2D202037E92B00F8CBC7 /* L012Localizer.swift in Sources */ = {isa = PBXBuildFile; fileRef = F96C2D1C2037E92A00F8CBC7 /* L012Localizer.swift */; };
		F96C2D232037E92B00F8CBC7 /* L102Language.swift in Sources */ = {isa = PBXBuildFile; fileRef = F96C2D1D2037E92A00F8CBC7 /* L102Language.swift */; };
		F96C2D262037E92B00F8CBC7 /* MirroringLabel.swift in Sources */ = {isa = PBXBuildFile; fileRef = F96C2D1E2037E92A00F8CBC7 /* MirroringLabel.swift */; };
		F96C2D292037E92B00F8CBC7 /* MirroringViewController.swift in Sources */ = {isa = PBXBuildFile; fileRef = F96C2D1F2037E92A00F8CBC7 /* MirroringViewController.swift */; };
		F96C2D2D20380B1A00F8CBC7 /* Validator.swift in Sources */ = {isa = PBXBuildFile; fileRef = F96C2D2C20380B1A00F8CBC7 /* Validator.swift */; };
		F97A9A2821103F9B007C45F5 /* UIApplicationExtensions.swift in Sources */ = {isa = PBXBuildFile; fileRef = F97A9A1521102E18007C45F5 /* UIApplicationExtensions.swift */; };
		F97A9A2921103F9F007C45F5 /* UIViewExtensions.swift in Sources */ = {isa = PBXBuildFile; fileRef = F97A9A1C211031A6007C45F5 /* UIViewExtensions.swift */; };
		F97A9A2A21103FA2007C45F5 /* UIViewControllerExtensions.swift in Sources */ = {isa = PBXBuildFile; fileRef = F97A9A1B211031A6007C45F5 /* UIViewControllerExtensions.swift */; };
		F97A9A2B21103FA4007C45F5 /* StringExtensions.swift in Sources */ = {isa = PBXBuildFile; fileRef = F97A9A1321102CEF007C45F5 /* StringExtensions.swift */; };
		F97A9A2C21103FA7007C45F5 /* CGRectExtensions.swift in Sources */ = {isa = PBXBuildFile; fileRef = F97A9A0D21102600007C45F5 /* CGRectExtensions.swift */; };
		F97A9A2D21103FAA007C45F5 /* EZSwiftFunctions.swift in Sources */ = {isa = PBXBuildFile; fileRef = F97A9A112110274A007C45F5 /* EZSwiftFunctions.swift */; };
		F97A9A2E21103FAD007C45F5 /* CGFloatExtensions.swift in Sources */ = {isa = PBXBuildFile; fileRef = F97A9A1F211031C0007C45F5 /* CGFloatExtensions.swift */; };
		F97A9A2F21103FAF007C45F5 /* UserDefaultsExtension.swift in Sources */ = {isa = PBXBuildFile; fileRef = F97A99C62110226F007C45F5 /* UserDefaultsExtension.swift */; };
		F995BDC1204D1277005E5279 /* KeyMessages.swift in Sources */ = {isa = PBXBuildFile; fileRef = F995BDC0204D1277005E5279 /* KeyMessages.swift */; };
		F9A4539F203AA7200065C9FD /* Constant.swift in Sources */ = {isa = PBXBuildFile; fileRef = F9A4539E203AA7200065C9FD /* Constant.swift */; };
		F9A453B4203AA74A0065C9FD /* ForgotPasswordInteractor.swift in Sources */ = {isa = PBXBuildFile; fileRef = F9A453A4203AA74A0065C9FD /* ForgotPasswordInteractor.swift */; };
		F9A453B7203AA74A0065C9FD /* ForgotPasswordPresenter.swift in Sources */ = {isa = PBXBuildFile; fileRef = F9A453A5203AA74A0065C9FD /* ForgotPasswordPresenter.swift */; };
		F9A453BA203AA74A0065C9FD /* ForgotPasswordViewController.swift in Sources */ = {isa = PBXBuildFile; fileRef = F9A453A6203AA74A0065C9FD /* ForgotPasswordViewController.swift */; };
		F9A453BD203AA74A0065C9FD /* LoginInteractor.swift in Sources */ = {isa = PBXBuildFile; fileRef = F9A453A8203AA74A0065C9FD /* LoginInteractor.swift */; };
		F9A453C0203AA74A0065C9FD /* LoginPresenter.swift in Sources */ = {isa = PBXBuildFile; fileRef = F9A453A9203AA74A0065C9FD /* LoginPresenter.swift */; };
		F9A453C3203AA74B0065C9FD /* LoginViewController.swift in Sources */ = {isa = PBXBuildFile; fileRef = F9A453AA203AA74A0065C9FD /* LoginViewController.swift */; };
		F9A453C6203AA74B0065C9FD /* SignUpInteractor.swift in Sources */ = {isa = PBXBuildFile; fileRef = F9A453AC203AA74A0065C9FD /* SignUpInteractor.swift */; };
		F9A453C9203AA74B0065C9FD /* SignUpPresenter.swift in Sources */ = {isa = PBXBuildFile; fileRef = F9A453AD203AA74A0065C9FD /* SignUpPresenter.swift */; };
		F9A453CC203AA74B0065C9FD /* SignUpViewController.swift in Sources */ = {isa = PBXBuildFile; fileRef = F9A453AE203AA74A0065C9FD /* SignUpViewController.swift */; };
		F9A453CF203AA74B0065C9FD /* SplashInteractor.swift in Sources */ = {isa = PBXBuildFile; fileRef = F9A453B0203AA74A0065C9FD /* SplashInteractor.swift */; };
		F9A453D2203AA74B0065C9FD /* SplashPresenter.swift in Sources */ = {isa = PBXBuildFile; fileRef = F9A453B1203AA74A0065C9FD /* SplashPresenter.swift */; };
		F9A453D5203AA74B0065C9FD /* SplashViewController.swift in Sources */ = {isa = PBXBuildFile; fileRef = F9A453B2203AA74A0065C9FD /* SplashViewController.swift */; };
		F9EDD42E203BFF33008FA83F /* ResponseData.swift in Sources */ = {isa = PBXBuildFile; fileRef = F9EDD42B203BFF32008FA83F /* ResponseData.swift */; };
		F9EDD431203BFF33008FA83F /* BaseModel.swift in Sources */ = {isa = PBXBuildFile; fileRef = F9EDD42C203BFF33008FA83F /* BaseModel.swift */; };
		F9EDD434203BFF33008FA83F /* ProfileUrl.swift in Sources */ = {isa = PBXBuildFile; fileRef = F9EDD42D203BFF33008FA83F /* ProfileUrl.swift */; };
/* End PBXBuildFile section */

/* Begin PBXFileReference section */
		0E5083CE45B37361B6D908A2 /* Pods-GeekMeets.release.xcconfig */ = {isa = PBXFileReference; includeInIndex = 1; lastKnownFileType = text.xcconfig; name = "Pods-GeekMeets.release.xcconfig"; path = "Target Support Files/Pods-GeekMeets/Pods-GeekMeets.release.xcconfig"; sourceTree = "<group>"; };
		36A8046D3032A36E9F05BAA1 /* Pods-GeekMeets.debug.xcconfig */ = {isa = PBXFileReference; includeInIndex = 1; lastKnownFileType = text.xcconfig; name = "Pods-GeekMeets.debug.xcconfig"; path = "Target Support Files/Pods-GeekMeets/Pods-GeekMeets.debug.xcconfig"; sourceTree = "<group>"; };
		CF4F6DE0B0DBDFACF78C5DE6 /* Pods-GeekMeets.staging.xcconfig */ = {isa = PBXFileReference; includeInIndex = 1; lastKnownFileType = text.xcconfig; name = "Pods-GeekMeets.staging.xcconfig"; path = "Target Support Files/Pods-GeekMeets/Pods-GeekMeets.staging.xcconfig"; sourceTree = "<group>"; };
		EC146BF9C834F09E88494EB4 /* Pods_GeekMeets.framework */ = {isa = PBXFileReference; explicitFileType = wrapper.framework; includeInIndex = 0; path = Pods_GeekMeets.framework; sourceTree = BUILT_PRODUCTS_DIR; };
		F76A8D7C2440396700ED9947 /* CustomerWindowExtension.swift */ = {isa = PBXFileReference; fileEncoding = 4; lastKnownFileType = sourcecode.swift; path = CustomerWindowExtension.swift; sourceTree = "<group>"; };
		F76A8D7D2440396700ED9947 /* BlockClass.swift */ = {isa = PBXFileReference; fileEncoding = 4; lastKnownFileType = sourcecode.swift; path = BlockClass.swift; sourceTree = "<group>"; };
		F76A8D7F2440396700ED9947 /* CustomerEnumaration.swift */ = {isa = PBXFileReference; fileEncoding = 4; lastKnownFileType = sourcecode.swift; path = CustomerEnumaration.swift; sourceTree = "<group>"; };
		F76A8D802440396700ED9947 /* DocumentDirectory.swift */ = {isa = PBXFileReference; fileEncoding = 4; lastKnownFileType = sourcecode.swift; path = DocumentDirectory.swift; sourceTree = "<group>"; };
		F7CD7A4A24442F3A00E02A9E /* TutorialPagePresenter.swift */ = {isa = PBXFileReference; lastKnownFileType = sourcecode.swift; path = TutorialPagePresenter.swift; sourceTree = "<group>"; };
		F7CD7A4B24442F3A00E02A9E /* TutorialPageViewController.swift */ = {isa = PBXFileReference; lastKnownFileType = sourcecode.swift; path = TutorialPageViewController.swift; sourceTree = "<group>"; };
		F7CD7A4C24442F3A00E02A9E /* TutorialPageInteractor.swift */ = {isa = PBXFileReference; lastKnownFileType = sourcecode.swift; path = TutorialPageInteractor.swift; sourceTree = "<group>"; };
		F9031F1A2035A534002EBE92 /* Debug.xcconfig */ = {isa = PBXFileReference; lastKnownFileType = text.xcconfig; path = Debug.xcconfig; sourceTree = "<group>"; };
		F9031F1E2035A548002EBE92 /* Staging.xcconfig */ = {isa = PBXFileReference; lastKnownFileType = text.xcconfig; path = Staging.xcconfig; sourceTree = "<group>"; };
		F9031F222035A562002EBE92 /* Release.xcconfig */ = {isa = PBXFileReference; lastKnownFileType = text.xcconfig; path = Release.xcconfig; sourceTree = "<group>"; };
		F90B4C9520329C45006ADAF6 /* GeekMeets.app */ = {isa = PBXFileReference; explicitFileType = wrapper.application; includeInIndex = 0; path = GeekMeets.app; sourceTree = BUILT_PRODUCTS_DIR; };
		F90B4C9D20329C45006ADAF6 /* Base */ = {isa = PBXFileReference; lastKnownFileType = file.storyboard; name = Base; path = Base.lproj/Main.storyboard; sourceTree = "<group>"; };
		F90B4C9F20329C45006ADAF6 /* Assets.xcassets */ = {isa = PBXFileReference; lastKnownFileType = folder.assetcatalog; path = Assets.xcassets; sourceTree = "<group>"; };
		F90B4CA220329C45006ADAF6 /* Base */ = {isa = PBXFileReference; lastKnownFileType = file.storyboard; name = Base; path = Base.lproj/LaunchScreen.storyboard; sourceTree = "<group>"; };
		F90B4CA420329C45006ADAF6 /* Info.plist */ = {isa = PBXFileReference; lastKnownFileType = text.plist.xml; path = Info.plist; sourceTree = "<group>"; };
		F90B4CCC2032A7EA006ADAF6 /* Basecode-Bridging-Header.h */ = {isa = PBXFileReference; lastKnownFileType = sourcecode.c.h; path = "Basecode-Bridging-Header.h"; sourceTree = "<group>"; };
		F90B4CD82032A87B006ADAF6 /* Structure_Guide.rtf */ = {isa = PBXFileReference; fileEncoding = 4; lastKnownFileType = text.rtf; path = Structure_Guide.rtf; sourceTree = "<group>"; };
		F90B4CDC2032AAB8006ADAF6 /* AppDelegate.swift */ = {isa = PBXFileReference; fileEncoding = 4; lastKnownFileType = sourcecode.swift; path = AppDelegate.swift; sourceTree = "<group>"; };
		F90B4CE02032F4A6006ADAF6 /* SOAPI.swift */ = {isa = PBXFileReference; fileEncoding = 4; lastKnownFileType = sourcecode.swift; path = SOAPI.swift; sourceTree = "<group>"; };
		F90B4CE12032F4A6006ADAF6 /* SOService.swift */ = {isa = PBXFileReference; fileEncoding = 4; lastKnownFileType = sourcecode.swift; path = SOService.swift; sourceTree = "<group>"; };
		F948AEC9203E865500F5A852 /* AppdelegateNotification.swift */ = {isa = PBXFileReference; lastKnownFileType = sourcecode.swift; path = AppdelegateNotification.swift; sourceTree = "<group>"; };
		F952382A2047BA3400BC0D49 /* RequestParameter.swift */ = {isa = PBXFileReference; fileEncoding = 4; lastKnownFileType = sourcecode.swift; path = RequestParameter.swift; sourceTree = "<group>"; };
		F952382C2047D66B00BC0D49 /* ChangePasswordInteractor.swift */ = {isa = PBXFileReference; lastKnownFileType = sourcecode.swift; path = ChangePasswordInteractor.swift; sourceTree = "<group>"; };
		F952382D2047D66B00BC0D49 /* ChangePasswordPresenter.swift */ = {isa = PBXFileReference; lastKnownFileType = sourcecode.swift; path = ChangePasswordPresenter.swift; sourceTree = "<group>"; };
		F952382E2047D66B00BC0D49 /* ChangePasswordViewController.swift */ = {isa = PBXFileReference; lastKnownFileType = sourcecode.swift; path = ChangePasswordViewController.swift; sourceTree = "<group>"; };
		F953B8D120467AFB00BE4F67 /* SettingsInteractor.swift */ = {isa = PBXFileReference; lastKnownFileType = sourcecode.swift; path = SettingsInteractor.swift; sourceTree = "<group>"; };
		F953B8D220467AFB00BE4F67 /* SettingsPresenter.swift */ = {isa = PBXFileReference; lastKnownFileType = sourcecode.swift; path = SettingsPresenter.swift; sourceTree = "<group>"; };
		F953B8D320467AFB00BE4F67 /* SettingsViewController.swift */ = {isa = PBXFileReference; lastKnownFileType = sourcecode.swift; path = SettingsViewController.swift; sourceTree = "<group>"; };
		F953B8DD20467B3300BE4F67 /* Settings.storyboard */ = {isa = PBXFileReference; lastKnownFileType = file.storyboard; path = Settings.storyboard; sourceTree = "<group>"; };
		F953B8DF2046836E00BE4F67 /* EditProfileInteractor.swift */ = {isa = PBXFileReference; lastKnownFileType = sourcecode.swift; path = EditProfileInteractor.swift; sourceTree = "<group>"; };
		F953B8E02046836E00BE4F67 /* EditProfilePresenter.swift */ = {isa = PBXFileReference; lastKnownFileType = sourcecode.swift; path = EditProfilePresenter.swift; sourceTree = "<group>"; };
		F953B8E12046836E00BE4F67 /* EditProfileViewController.swift */ = {isa = PBXFileReference; lastKnownFileType = sourcecode.swift; path = EditProfileViewController.swift; sourceTree = "<group>"; };
		F96C2D132037E78800F8CBC7 /* en */ = {isa = PBXFileReference; lastKnownFileType = text.plist.strings; name = en; path = en.lproj/Localizable.strings; sourceTree = "<group>"; };
		F96C2D1C2037E92A00F8CBC7 /* L012Localizer.swift */ = {isa = PBXFileReference; fileEncoding = 4; lastKnownFileType = sourcecode.swift; path = L012Localizer.swift; sourceTree = "<group>"; };
		F96C2D1D2037E92A00F8CBC7 /* L102Language.swift */ = {isa = PBXFileReference; fileEncoding = 4; lastKnownFileType = sourcecode.swift; path = L102Language.swift; sourceTree = "<group>"; };
		F96C2D1E2037E92A00F8CBC7 /* MirroringLabel.swift */ = {isa = PBXFileReference; fileEncoding = 4; lastKnownFileType = sourcecode.swift; path = MirroringLabel.swift; sourceTree = "<group>"; };
		F96C2D1F2037E92A00F8CBC7 /* MirroringViewController.swift */ = {isa = PBXFileReference; fileEncoding = 4; lastKnownFileType = sourcecode.swift; path = MirroringViewController.swift; sourceTree = "<group>"; };
		F96C2D2C20380B1A00F8CBC7 /* Validator.swift */ = {isa = PBXFileReference; fileEncoding = 4; lastKnownFileType = sourcecode.swift; path = Validator.swift; sourceTree = "<group>"; };
		F97A99C62110226F007C45F5 /* UserDefaultsExtension.swift */ = {isa = PBXFileReference; fileEncoding = 4; lastKnownFileType = sourcecode.swift; path = UserDefaultsExtension.swift; sourceTree = "<group>"; };
		F97A9A0D21102600007C45F5 /* CGRectExtensions.swift */ = {isa = PBXFileReference; fileEncoding = 4; lastKnownFileType = sourcecode.swift; path = CGRectExtensions.swift; sourceTree = "<group>"; };
		F97A9A112110274A007C45F5 /* EZSwiftFunctions.swift */ = {isa = PBXFileReference; fileEncoding = 4; lastKnownFileType = sourcecode.swift; path = EZSwiftFunctions.swift; sourceTree = "<group>"; };
		F97A9A1321102CEF007C45F5 /* StringExtensions.swift */ = {isa = PBXFileReference; fileEncoding = 4; lastKnownFileType = sourcecode.swift; path = StringExtensions.swift; sourceTree = "<group>"; };
		F97A9A1521102E18007C45F5 /* UIApplicationExtensions.swift */ = {isa = PBXFileReference; fileEncoding = 4; lastKnownFileType = sourcecode.swift; path = UIApplicationExtensions.swift; sourceTree = "<group>"; };
		F97A9A1B211031A6007C45F5 /* UIViewControllerExtensions.swift */ = {isa = PBXFileReference; fileEncoding = 4; lastKnownFileType = sourcecode.swift; path = UIViewControllerExtensions.swift; sourceTree = "<group>"; };
		F97A9A1C211031A6007C45F5 /* UIViewExtensions.swift */ = {isa = PBXFileReference; fileEncoding = 4; lastKnownFileType = sourcecode.swift; path = UIViewExtensions.swift; sourceTree = "<group>"; };
		F97A9A1F211031C0007C45F5 /* CGFloatExtensions.swift */ = {isa = PBXFileReference; fileEncoding = 4; lastKnownFileType = sourcecode.swift; path = CGFloatExtensions.swift; sourceTree = "<group>"; };
		F995BDC0204D1277005E5279 /* KeyMessages.swift */ = {isa = PBXFileReference; fileEncoding = 4; lastKnownFileType = sourcecode.swift; path = KeyMessages.swift; sourceTree = "<group>"; };
		F9A4539E203AA7200065C9FD /* Constant.swift */ = {isa = PBXFileReference; lastKnownFileType = sourcecode.swift; path = Constant.swift; sourceTree = "<group>"; };
		F9A453A4203AA74A0065C9FD /* ForgotPasswordInteractor.swift */ = {isa = PBXFileReference; fileEncoding = 4; lastKnownFileType = sourcecode.swift; path = ForgotPasswordInteractor.swift; sourceTree = "<group>"; };
		F9A453A5203AA74A0065C9FD /* ForgotPasswordPresenter.swift */ = {isa = PBXFileReference; fileEncoding = 4; lastKnownFileType = sourcecode.swift; path = ForgotPasswordPresenter.swift; sourceTree = "<group>"; };
		F9A453A6203AA74A0065C9FD /* ForgotPasswordViewController.swift */ = {isa = PBXFileReference; fileEncoding = 4; lastKnownFileType = sourcecode.swift; path = ForgotPasswordViewController.swift; sourceTree = "<group>"; };
		F9A453A8203AA74A0065C9FD /* LoginInteractor.swift */ = {isa = PBXFileReference; fileEncoding = 4; lastKnownFileType = sourcecode.swift; path = LoginInteractor.swift; sourceTree = "<group>"; };
		F9A453A9203AA74A0065C9FD /* LoginPresenter.swift */ = {isa = PBXFileReference; fileEncoding = 4; lastKnownFileType = sourcecode.swift; path = LoginPresenter.swift; sourceTree = "<group>"; };
		F9A453AA203AA74A0065C9FD /* LoginViewController.swift */ = {isa = PBXFileReference; fileEncoding = 4; lastKnownFileType = sourcecode.swift; path = LoginViewController.swift; sourceTree = "<group>"; };
		F9A453AC203AA74A0065C9FD /* SignUpInteractor.swift */ = {isa = PBXFileReference; fileEncoding = 4; lastKnownFileType = sourcecode.swift; path = SignUpInteractor.swift; sourceTree = "<group>"; };
		F9A453AD203AA74A0065C9FD /* SignUpPresenter.swift */ = {isa = PBXFileReference; fileEncoding = 4; lastKnownFileType = sourcecode.swift; path = SignUpPresenter.swift; sourceTree = "<group>"; };
		F9A453AE203AA74A0065C9FD /* SignUpViewController.swift */ = {isa = PBXFileReference; fileEncoding = 4; lastKnownFileType = sourcecode.swift; path = SignUpViewController.swift; sourceTree = "<group>"; };
		F9A453B0203AA74A0065C9FD /* SplashInteractor.swift */ = {isa = PBXFileReference; fileEncoding = 4; lastKnownFileType = sourcecode.swift; path = SplashInteractor.swift; sourceTree = "<group>"; };
		F9A453B1203AA74A0065C9FD /* SplashPresenter.swift */ = {isa = PBXFileReference; fileEncoding = 4; lastKnownFileType = sourcecode.swift; path = SplashPresenter.swift; sourceTree = "<group>"; };
		F9A453B2203AA74A0065C9FD /* SplashViewController.swift */ = {isa = PBXFileReference; fileEncoding = 4; lastKnownFileType = sourcecode.swift; path = SplashViewController.swift; sourceTree = "<group>"; };
		F9EDD42B203BFF32008FA83F /* ResponseData.swift */ = {isa = PBXFileReference; fileEncoding = 4; lastKnownFileType = sourcecode.swift; path = ResponseData.swift; sourceTree = "<group>"; };
		F9EDD42C203BFF33008FA83F /* BaseModel.swift */ = {isa = PBXFileReference; fileEncoding = 4; lastKnownFileType = sourcecode.swift; path = BaseModel.swift; sourceTree = "<group>"; };
		F9EDD42D203BFF33008FA83F /* ProfileUrl.swift */ = {isa = PBXFileReference; fileEncoding = 4; lastKnownFileType = sourcecode.swift; path = ProfileUrl.swift; sourceTree = "<group>"; };
/* End PBXFileReference section */

/* Begin PBXFrameworksBuildPhase section */
		F90B4C9220329C45006ADAF6 /* Frameworks */ = {
			isa = PBXFrameworksBuildPhase;
			buildActionMask = 2147483647;
			files = (
				E5B521D13F02F46FBABC5C21 /* Pods_GeekMeets.framework in Frameworks */,
			);
			runOnlyForDeploymentPostprocessing = 0;
		};
/* End PBXFrameworksBuildPhase section */

/* Begin PBXGroup section */
		726C361F901BCA60F229557E /* Frameworks */ = {
			isa = PBXGroup;
			children = (
				EC146BF9C834F09E88494EB4 /* Pods_GeekMeets.framework */,
			);
			name = Frameworks;
			sourceTree = "<group>";
		};
		B188C4516925259881591DCA /* Pods */ = {
			isa = PBXGroup;
			children = (
				36A8046D3032A36E9F05BAA1 /* Pods-GeekMeets.debug.xcconfig */,
				CF4F6DE0B0DBDFACF78C5DE6 /* Pods-GeekMeets.staging.xcconfig */,
				0E5083CE45B37361B6D908A2 /* Pods-GeekMeets.release.xcconfig */,
			);
			path = Pods;
			sourceTree = "<group>";
		};
		F76A8D7B2440396700ED9947 /* CustomHelper */ = {
			isa = PBXGroup;
			children = (
				F76A8D7C2440396700ED9947 /* CustomerWindowExtension.swift */,
				F76A8D7D2440396700ED9947 /* BlockClass.swift */,
				F76A8D7F2440396700ED9947 /* CustomerEnumaration.swift */,
				F76A8D802440396700ED9947 /* DocumentDirectory.swift */,
			);
			path = CustomHelper;
			sourceTree = "<group>";
		};
		F7CD7A4924442BCA00E02A9E /* Main */ = {
			isa = PBXGroup;
			children = (
				F7CD7A5024442F5100E02A9E /* TutorialPage */,
			);
			path = Main;
			sourceTree = "<group>";
		};
		F7CD7A5024442F5100E02A9E /* TutorialPage */ = {
			isa = PBXGroup;
			children = (
				F7CD7A4A24442F3A00E02A9E /* TutorialPagePresenter.swift */,
				F7CD7A4B24442F3A00E02A9E /* TutorialPageViewController.swift */,
				F7CD7A4C24442F3A00E02A9E /* TutorialPageInteractor.swift */,
			);
			path = TutorialPage;
			sourceTree = "<group>";
		};
		F9031F192035A51B002EBE92 /* Config */ = {
			isa = PBXGroup;
			children = (
				F9031F1A2035A534002EBE92 /* Debug.xcconfig */,
				F9031F1E2035A548002EBE92 /* Staging.xcconfig */,
				F9031F222035A562002EBE92 /* Release.xcconfig */,
			);
			path = Config;
			sourceTree = "<group>";
		};
		F90B4C8C20329C45006ADAF6 = {
			isa = PBXGroup;
			children = (
				F90B4C9720329C45006ADAF6 /* GeekMeets */,
				F90B4C9620329C45006ADAF6 /* Products */,
				B188C4516925259881591DCA /* Pods */,
				726C361F901BCA60F229557E /* Frameworks */,
			);
			sourceTree = "<group>";
		};
		F90B4C9620329C45006ADAF6 /* Products */ = {
			isa = PBXGroup;
			children = (
				F90B4C9520329C45006ADAF6 /* GeekMeets.app */,
			);
			name = Products;
			sourceTree = "<group>";
		};
		F90B4C9720329C45006ADAF6 /* GeekMeets */ = {
			isa = PBXGroup;
			children = (
				F76A8D7B2440396700ED9947 /* CustomHelper */,
				F9EDD441203C2F2D008FA83F /* Category */,
				F9A453A2203AA74A0065C9FD /* VIP */,
				F9A4539D203AA7110065C9FD /* Constant */,
				F9031F192035A51B002EBE92 /* Config */,
				F90B4CC62032A7C1006ADAF6 /* Application */,
				F90B4CC92032A7C1006ADAF6 /* Library */,
				F90B4CC82032A7C1006ADAF6 /* Models */,
				F90B4CCA2032A7C1006ADAF6 /* Vendors */,
				F96C2D0B2037E75B00F8CBC7 /* Localization */,
				F9A453DB203AA8220065C9FD /* StoryBoard */,
				F90B4CCB2032A7C1006ADAF6 /* Resources */,
				F90B4CA420329C45006ADAF6 /* Info.plist */,
			);
			path = GeekMeets;
			sourceTree = "<group>";
		};
		F90B4CC62032A7C1006ADAF6 /* Application */ = {
			isa = PBXGroup;
			children = (
				F90B4CDB2032AAB8006ADAF6 /* AppDelegate */,
				F90B4CCC2032A7EA006ADAF6 /* Basecode-Bridging-Header.h */,
			);
			path = Application;
			sourceTree = "<group>";
		};
		F90B4CC82032A7C1006ADAF6 /* Models */ = {
			isa = PBXGroup;
			children = (
				F952382A2047BA3400BC0D49 /* RequestParameter.swift */,
				F9EDD42C203BFF33008FA83F /* BaseModel.swift */,
				F9EDD42D203BFF33008FA83F /* ProfileUrl.swift */,
				F9EDD42B203BFF32008FA83F /* ResponseData.swift */,
			);
			path = Models;
			sourceTree = "<group>";
		};
		F90B4CC92032A7C1006ADAF6 /* Library */ = {
			isa = PBXGroup;
			children = (
				F90B4CDF2032E116006ADAF6 /* APIManager */,
			);
			path = Library;
			sourceTree = "<group>";
		};
		F90B4CCA2032A7C1006ADAF6 /* Vendors */ = {
			isa = PBXGroup;
			children = (
				F96C2D2C20380B1A00F8CBC7 /* Validator.swift */,
				F96C2D1B2037E92A00F8CBC7 /* Language */,
			);
			path = Vendors;
			sourceTree = "<group>";
		};
		F90B4CCB2032A7C1006ADAF6 /* Resources */ = {
			isa = PBXGroup;
			children = (
				F90B4CDA2032AAAB006ADAF6 /* Fonts */,
				F90B4CD72032A87B006ADAF6 /* Documents */,
				F90B4CD32032A87B006ADAF6 /* MediaFiles */,
				F90B4C9F20329C45006ADAF6 /* Assets.xcassets */,
			);
			path = Resources;
			sourceTree = "<group>";
		};
		F90B4CD32032A87B006ADAF6 /* MediaFiles */ = {
			isa = PBXGroup;
			children = (
				F90B4CD42032A87B006ADAF6 /* Audios */,
				F90B4CD52032A87B006ADAF6 /* Images */,
				F90B4CD62032A87B006ADAF6 /* Videos */,
			);
			path = MediaFiles;
			sourceTree = "<group>";
		};
		F90B4CD42032A87B006ADAF6 /* Audios */ = {
			isa = PBXGroup;
			children = (
			);
			path = Audios;
			sourceTree = "<group>";
		};
		F90B4CD52032A87B006ADAF6 /* Images */ = {
			isa = PBXGroup;
			children = (
			);
			path = Images;
			sourceTree = "<group>";
		};
		F90B4CD62032A87B006ADAF6 /* Videos */ = {
			isa = PBXGroup;
			children = (
			);
			path = Videos;
			sourceTree = "<group>";
		};
		F90B4CD72032A87B006ADAF6 /* Documents */ = {
			isa = PBXGroup;
			children = (
				F90B4CD82032A87B006ADAF6 /* Structure_Guide.rtf */,
			);
			path = Documents;
			sourceTree = "<group>";
		};
		F90B4CDA2032AAAB006ADAF6 /* Fonts */ = {
			isa = PBXGroup;
			children = (
			);
			path = Fonts;
			sourceTree = "<group>";
		};
		F90B4CDB2032AAB8006ADAF6 /* AppDelegate */ = {
			isa = PBXGroup;
			children = (
				F90B4CDC2032AAB8006ADAF6 /* AppDelegate.swift */,
				F948AEC9203E865500F5A852 /* AppdelegateNotification.swift */,
			);
			path = AppDelegate;
			sourceTree = "<group>";
		};
		F90B4CDF2032E116006ADAF6 /* APIManager */ = {
			isa = PBXGroup;
			children = (
				F90B4CE02032F4A6006ADAF6 /* SOAPI.swift */,
				F90B4CE12032F4A6006ADAF6 /* SOService.swift */,
			);
			path = APIManager;
			sourceTree = "<group>";
		};
		F953B8CE20467AE800BE4F67 /* Settings */ = {
			isa = PBXGroup;
			children = (
				F953B8CF20467AE800BE4F67 /* ChangePassword */,
				F953B8D020467AE800BE4F67 /* EditProfile */,
				F953B8D120467AFB00BE4F67 /* SettingsInteractor.swift */,
				F953B8D220467AFB00BE4F67 /* SettingsPresenter.swift */,
				F953B8D320467AFB00BE4F67 /* SettingsViewController.swift */,
			);
			path = Settings;
			sourceTree = "<group>";
		};
		F953B8CF20467AE800BE4F67 /* ChangePassword */ = {
			isa = PBXGroup;
			children = (
				F952382C2047D66B00BC0D49 /* ChangePasswordInteractor.swift */,
				F952382D2047D66B00BC0D49 /* ChangePasswordPresenter.swift */,
				F952382E2047D66B00BC0D49 /* ChangePasswordViewController.swift */,
			);
			path = ChangePassword;
			sourceTree = "<group>";
		};
		F953B8D020467AE800BE4F67 /* EditProfile */ = {
			isa = PBXGroup;
			children = (
				F953B8DF2046836E00BE4F67 /* EditProfileInteractor.swift */,
				F953B8E02046836E00BE4F67 /* EditProfilePresenter.swift */,
				F953B8E12046836E00BE4F67 /* EditProfileViewController.swift */,
			);
			path = EditProfile;
			sourceTree = "<group>";
		};
		F96C2D0B2037E75B00F8CBC7 /* Localization */ = {
			isa = PBXGroup;
			children = (
				F96C2D142037E78800F8CBC7 /* Localizable.strings */,
			);
			path = Localization;
			sourceTree = "<group>";
		};
		F96C2D1B2037E92A00F8CBC7 /* Language */ = {
			isa = PBXGroup;
			children = (
				F96C2D1C2037E92A00F8CBC7 /* L012Localizer.swift */,
				F96C2D1D2037E92A00F8CBC7 /* L102Language.swift */,
				F96C2D1E2037E92A00F8CBC7 /* MirroringLabel.swift */,
				F96C2D1F2037E92A00F8CBC7 /* MirroringViewController.swift */,
			);
			path = Language;
			sourceTree = "<group>";
		};
		F97A999F2110226E007C45F5 /* More */ = {
			isa = PBXGroup;
			children = (
				F97A9A1F211031C0007C45F5 /* CGFloatExtensions.swift */,
				F97A9A112110274A007C45F5 /* EZSwiftFunctions.swift */,
				F97A9A0D21102600007C45F5 /* CGRectExtensions.swift */,
			);
			path = More;
			sourceTree = "<group>";
		};
		F97A99B82110226F007C45F5 /* UIKit */ = {
			isa = PBXGroup;
			children = (
				F97A9A1B211031A6007C45F5 /* UIViewControllerExtensions.swift */,
				F97A9A1C211031A6007C45F5 /* UIViewExtensions.swift */,
				F97A9A1521102E18007C45F5 /* UIApplicationExtensions.swift */,
			);
			path = UIKit;
			sourceTree = "<group>";
		};
		F97A99C22110226F007C45F5 /* Foundation */ = {
			isa = PBXGroup;
			children = (
				F97A99C62110226F007C45F5 /* UserDefaultsExtension.swift */,
			);
			path = Foundation;
			sourceTree = "<group>";
		};
		F97A99C72110226F007C45F5 /* StandardLib */ = {
			isa = PBXGroup;
			children = (
				F97A9A1321102CEF007C45F5 /* StringExtensions.swift */,
			);
			path = StandardLib;
			sourceTree = "<group>";
		};
		F9A4539D203AA7110065C9FD /* Constant */ = {
			isa = PBXGroup;
			children = (
				F995BDC0204D1277005E5279 /* KeyMessages.swift */,
				F9A4539E203AA7200065C9FD /* Constant.swift */,
			);
			path = Constant;
			sourceTree = "<group>";
		};
		F9A453A2203AA74A0065C9FD /* VIP */ = {
			isa = PBXGroup;
			children = (
				F7CD7A4924442BCA00E02A9E /* Main */,
				F953B8CE20467AE800BE4F67 /* Settings */,
				F9A453A3203AA74A0065C9FD /* ForgetPassword */,
				F9A453A7203AA74A0065C9FD /* Login */,
				F9A453AB203AA74A0065C9FD /* Signup */,
				F9A453AF203AA74A0065C9FD /* Splash */,
			);
			path = VIP;
			sourceTree = "<group>";
		};
		F9A453A3203AA74A0065C9FD /* ForgetPassword */ = {
			isa = PBXGroup;
			children = (
				F9A453A4203AA74A0065C9FD /* ForgotPasswordInteractor.swift */,
				F9A453A5203AA74A0065C9FD /* ForgotPasswordPresenter.swift */,
				F9A453A6203AA74A0065C9FD /* ForgotPasswordViewController.swift */,
			);
			path = ForgetPassword;
			sourceTree = "<group>";
		};
		F9A453A7203AA74A0065C9FD /* Login */ = {
			isa = PBXGroup;
			children = (
				F9A453A8203AA74A0065C9FD /* LoginInteractor.swift */,
				F9A453A9203AA74A0065C9FD /* LoginPresenter.swift */,
				F9A453AA203AA74A0065C9FD /* LoginViewController.swift */,
			);
			path = Login;
			sourceTree = "<group>";
		};
		F9A453AB203AA74A0065C9FD /* Signup */ = {
			isa = PBXGroup;
			children = (
				F9A453AC203AA74A0065C9FD /* SignUpInteractor.swift */,
				F9A453AD203AA74A0065C9FD /* SignUpPresenter.swift */,
				F9A453AE203AA74A0065C9FD /* SignUpViewController.swift */,
			);
			path = Signup;
			sourceTree = "<group>";
		};
		F9A453AF203AA74A0065C9FD /* Splash */ = {
			isa = PBXGroup;
			children = (
				F9A453B0203AA74A0065C9FD /* SplashInteractor.swift */,
				F9A453B1203AA74A0065C9FD /* SplashPresenter.swift */,
				F9A453B2203AA74A0065C9FD /* SplashViewController.swift */,
			);
			path = Splash;
			sourceTree = "<group>";
		};
		F9A453DB203AA8220065C9FD /* StoryBoard */ = {
			isa = PBXGroup;
			children = (
				F90B4C9C20329C45006ADAF6 /* Main.storyboard */,
				F90B4CA120329C45006ADAF6 /* LaunchScreen.storyboard */,
				F953B8DD20467B3300BE4F67 /* Settings.storyboard */,
			);
			path = StoryBoard;
			sourceTree = "<group>";
		};
		F9EDD441203C2F2D008FA83F /* Category */ = {
			isa = PBXGroup;
			children = (
				F97A99C22110226F007C45F5 /* Foundation */,
				F97A999F2110226E007C45F5 /* More */,
				F97A99C72110226F007C45F5 /* StandardLib */,
				F97A99B82110226F007C45F5 /* UIKit */,
			);
			path = Category;
			sourceTree = "<group>";
		};
/* End PBXGroup section */

/* Begin PBXNativeTarget section */
		F90B4C9420329C45006ADAF6 /* GeekMeets */ = {
			isa = PBXNativeTarget;
			buildConfigurationList = F90B4CBD20329C45006ADAF6 /* Build configuration list for PBXNativeTarget "GeekMeets" */;
			buildPhases = (
				F03A357C1A3E32860724ECE6 /* [CP] Check Pods Manifest.lock */,
				F90B4C9120329C45006ADAF6 /* Sources */,
				F90B4C9220329C45006ADAF6 /* Frameworks */,
				F90B4C9320329C45006ADAF6 /* Resources */,
				F9F62EED20F479B900FD4D68 /* ShellScript */,
				C212B685DE26D825EEA93103 /* [CP] Embed Pods Frameworks */,
			);
			buildRules = (
			);
			dependencies = (
			);
			name = GeekMeets;
			productName = Basecode;
			productReference = F90B4C9520329C45006ADAF6 /* GeekMeets.app */;
			productType = "com.apple.product-type.application";
		};
/* End PBXNativeTarget section */

/* Begin PBXProject section */
		F90B4C8D20329C45006ADAF6 /* Project object */ = {
			isa = PBXProject;
			attributes = {
				LastSwiftUpdateCheck = 0910;
				LastUpgradeCheck = 1000;
				ORGANIZATIONNAME = SOTSYS203;
				TargetAttributes = {
					F90B4C9420329C45006ADAF6 = {
						CreatedOnToolsVersion = 9.1;
						LastSwiftMigration = 1020;
						ProvisioningStyle = Manual;
					};
				};
			};
			buildConfigurationList = F90B4C9020329C45006ADAF6 /* Build configuration list for PBXProject "GeekMeets" */;
			compatibilityVersion = "Xcode 8.0";
			developmentRegion = en;
			hasScannedForEncodings = 0;
			knownRegions = (
				en,
				Base,
			);
			mainGroup = F90B4C8C20329C45006ADAF6;
			productRefGroup = F90B4C9620329C45006ADAF6 /* Products */;
			projectDirPath = "";
			projectRoot = "";
			targets = (
				F90B4C9420329C45006ADAF6 /* GeekMeets */,
			);
		};
/* End PBXProject section */

/* Begin PBXResourcesBuildPhase section */
		F90B4C9320329C45006ADAF6 /* Resources */ = {
			isa = PBXResourcesBuildPhase;
			buildActionMask = 2147483647;
			files = (
				F90B4CA320329C45006ADAF6 /* LaunchScreen.storyboard in Resources */,
				F90B4CA020329C45006ADAF6 /* Assets.xcassets in Resources */,
				F953B8DE20467B3300BE4F67 /* Settings.storyboard in Resources */,
				F90B4C9E20329C45006ADAF6 /* Main.storyboard in Resources */,
				F96C2D102037E78800F8CBC7 /* Localizable.strings in Resources */,
				F90B4CD92032A87B006ADAF6 /* Structure_Guide.rtf in Resources */,
			);
			runOnlyForDeploymentPostprocessing = 0;
		};
/* End PBXResourcesBuildPhase section */

/* Begin PBXShellScriptBuildPhase section */
		C212B685DE26D825EEA93103 /* [CP] Embed Pods Frameworks */ = {
			isa = PBXShellScriptBuildPhase;
			buildActionMask = 2147483647;
			files = (
			);
			inputPaths = (
				"${PODS_ROOT}/Target Support Files/Pods-GeekMeets/Pods-GeekMeets-frameworks.sh",
				"${BUILT_PRODUCTS_DIR}/Alamofire/Alamofire.framework",
				"${BUILT_PRODUCTS_DIR}/GoogleUtilities/GoogleUtilities.framework",
				"${BUILT_PRODUCTS_DIR}/IQKeyboardManagerSwift/IQKeyboardManagerSwift.framework",
				"${BUILT_PRODUCTS_DIR}/Moya/Moya.framework",
				"${BUILT_PRODUCTS_DIR}/PromisesObjC/FBLPromises.framework",
				"${BUILT_PRODUCTS_DIR}/ReachabilitySwift/Reachability.framework",
				"${BUILT_PRODUCTS_DIR}/Result/Result.framework",
				"${BUILT_PRODUCTS_DIR}/SwiftyJSON/SwiftyJSON.framework",
				"${BUILT_PRODUCTS_DIR}/nanopb/nanopb.framework",
			);
			name = "[CP] Embed Pods Frameworks";
			outputPaths = (
				"${TARGET_BUILD_DIR}/${FRAMEWORKS_FOLDER_PATH}/Alamofire.framework",
				"${TARGET_BUILD_DIR}/${FRAMEWORKS_FOLDER_PATH}/GoogleUtilities.framework",
				"${TARGET_BUILD_DIR}/${FRAMEWORKS_FOLDER_PATH}/IQKeyboardManagerSwift.framework",
				"${TARGET_BUILD_DIR}/${FRAMEWORKS_FOLDER_PATH}/Moya.framework",
				"${TARGET_BUILD_DIR}/${FRAMEWORKS_FOLDER_PATH}/FBLPromises.framework",
				"${TARGET_BUILD_DIR}/${FRAMEWORKS_FOLDER_PATH}/Reachability.framework",
				"${TARGET_BUILD_DIR}/${FRAMEWORKS_FOLDER_PATH}/Result.framework",
				"${TARGET_BUILD_DIR}/${FRAMEWORKS_FOLDER_PATH}/SwiftyJSON.framework",
				"${TARGET_BUILD_DIR}/${FRAMEWORKS_FOLDER_PATH}/nanopb.framework",
			);
			runOnlyForDeploymentPostprocessing = 0;
			shellPath = /bin/sh;
			shellScript = "\"${PODS_ROOT}/Target Support Files/Pods-GeekMeets/Pods-GeekMeets-frameworks.sh\"\n";
			showEnvVarsInLog = 0;
		};
		F03A357C1A3E32860724ECE6 /* [CP] Check Pods Manifest.lock */ = {
			isa = PBXShellScriptBuildPhase;
			buildActionMask = 2147483647;
			files = (
			);
			inputFileListPaths = (
			);
			inputPaths = (
				"${PODS_PODFILE_DIR_PATH}/Podfile.lock",
				"${PODS_ROOT}/Manifest.lock",
			);
			name = "[CP] Check Pods Manifest.lock";
			outputFileListPaths = (
			);
			outputPaths = (
				"$(DERIVED_FILE_DIR)/Pods-GeekMeets-checkManifestLockResult.txt",
			);
			runOnlyForDeploymentPostprocessing = 0;
			shellPath = /bin/sh;
			shellScript = "diff \"${PODS_PODFILE_DIR_PATH}/Podfile.lock\" \"${PODS_ROOT}/Manifest.lock\" > /dev/null\nif [ $? != 0 ] ; then\n    # print error to STDERR\n    echo \"error: The sandbox is not in sync with the Podfile.lock. Run 'pod install' or update your CocoaPods installation.\" >&2\n    exit 1\nfi\n# This output is used by Xcode 'outputs' to avoid re-running this script phase.\necho \"SUCCESS\" > \"${SCRIPT_OUTPUT_FILE_0}\"\n";
			showEnvVarsInLog = 0;
		};
		F9F62EED20F479B900FD4D68 /* ShellScript */ = {
			isa = PBXShellScriptBuildPhase;
			buildActionMask = 8;
			files = (
			);
			inputPaths = (
			);
			outputPaths = (
			);
			runOnlyForDeploymentPostprocessing = 1;
			shellPath = /bin/sh;
			shellScript = "REV=`svnversion -nc | /usr/bin/sed -e 's/^[^:]*://;s/[A-Za-z]//'`\nBASEVERNUM=`/usr/libexec/PlistBuddy -c \"Print :CFBundleShortVersionString\" \"${INFOPLIST_FILE}\"`\n/usr/libexec/PlistBuddy -c \"Set :CFBundleVersion $BASEVERNUM.$REV\" \"${INFOPLIST_FILE}\"\n";
		};
/* End PBXShellScriptBuildPhase section */

/* Begin PBXSourcesBuildPhase section */
		F90B4C9120329C45006ADAF6 /* Sources */ = {
			isa = PBXSourcesBuildPhase;
			buildActionMask = 2147483647;
			files = (
				F76A8D832440396800ED9947 /* CustomerWindowExtension.swift in Sources */,
				F96C2D292037E92B00F8CBC7 /* MirroringViewController.swift in Sources */,
				F948AECA203E865500F5A852 /* AppdelegateNotification.swift in Sources */,
				F97A9A2C21103FA7007C45F5 /* CGRectExtensions.swift in Sources */,
				F9A453C9203AA74B0065C9FD /* SignUpPresenter.swift in Sources */,
				F9A453B7203AA74A0065C9FD /* ForgotPasswordPresenter.swift in Sources */,
				F76A8D872440396800ED9947 /* DocumentDirectory.swift in Sources */,
				F9A453C6203AA74B0065C9FD /* SignUpInteractor.swift in Sources */,
				F97A9A2E21103FAD007C45F5 /* CGFloatExtensions.swift in Sources */,
				F97A9A2A21103FA2007C45F5 /* UIViewControllerExtensions.swift in Sources */,
				F9A453C0203AA74A0065C9FD /* LoginPresenter.swift in Sources */,
				F995BDC1204D1277005E5279 /* KeyMessages.swift in Sources */,
				F9EDD431203BFF33008FA83F /* BaseModel.swift in Sources */,
				F76A8D842440396800ED9947 /* BlockClass.swift in Sources */,
				F9A453C3203AA74B0065C9FD /* LoginViewController.swift in Sources */,
				F9A453CC203AA74B0065C9FD /* SignUpViewController.swift in Sources */,
				F96C2D2D20380B1A00F8CBC7 /* Validator.swift in Sources */,
				F97A9A2821103F9B007C45F5 /* UIApplicationExtensions.swift in Sources */,
				F953B8E42046836E00BE4F67 /* EditProfileViewController.swift in Sources */,
				F90B4CDE2032AAB8006ADAF6 /* AppDelegate.swift in Sources */,
				F953B8D620467AFB00BE4F67 /* SettingsViewController.swift in Sources */,
				F96C2D262037E92B00F8CBC7 /* MirroringLabel.swift in Sources */,
				F953B8D420467AFB00BE4F67 /* SettingsInteractor.swift in Sources */,
				F9A453CF203AA74B0065C9FD /* SplashInteractor.swift in Sources */,
				F953B8E22046836E00BE4F67 /* EditProfileInteractor.swift in Sources */,
				F952382B2047BA3500BC0D49 /* RequestParameter.swift in Sources */,
				F9EDD42E203BFF33008FA83F /* ResponseData.swift in Sources */,
				F97A9A2921103F9F007C45F5 /* UIViewExtensions.swift in Sources */,
				F9A453D2203AA74B0065C9FD /* SplashPresenter.swift in Sources */,
				F9A453D5203AA74B0065C9FD /* SplashViewController.swift in Sources */,
				F97A9A2D21103FAA007C45F5 /* EZSwiftFunctions.swift in Sources */,
				F97A9A2F21103FAF007C45F5 /* UserDefaultsExtension.swift in Sources */,
				F7CD7A4D24442F3A00E02A9E /* TutorialPagePresenter.swift in Sources */,
				F7CD7A4F24442F3A00E02A9E /* TutorialPageInteractor.swift in Sources */,
				F90B4CE52032F4A6006ADAF6 /* SOService.swift in Sources */,
				F90B4CE22032F4A6006ADAF6 /* SOAPI.swift in Sources */,
				F953B8E32046836E00BE4F67 /* EditProfilePresenter.swift in Sources */,
				F7CD7A4E24442F3A00E02A9E /* TutorialPageViewController.swift in Sources */,
				F96C2D232037E92B00F8CBC7 /* L102Language.swift in Sources */,
				F95238312047D66B00BC0D49 /* ChangePasswordViewController.swift in Sources */,
				F9EDD434203BFF33008FA83F /* ProfileUrl.swift in Sources */,
				F9A453BA203AA74A0065C9FD /* ForgotPasswordViewController.swift in Sources */,
				F953B8D520467AFB00BE4F67 /* SettingsPresenter.swift in Sources */,
				F95238302047D66B00BC0D49 /* ChangePasswordPresenter.swift in Sources */,
				F76A8D862440396800ED9947 /* CustomerEnumaration.swift in Sources */,
				F9A4539F203AA7200065C9FD /* Constant.swift in Sources */,
				F9A453BD203AA74A0065C9FD /* LoginInteractor.swift in Sources */,
				F97A9A2B21103FA4007C45F5 /* StringExtensions.swift in Sources */,
				F9A453B4203AA74A0065C9FD /* ForgotPasswordInteractor.swift in Sources */,
				F96C2D202037E92B00F8CBC7 /* L012Localizer.swift in Sources */,
				F952382F2047D66B00BC0D49 /* ChangePasswordInteractor.swift in Sources */,
			);
			runOnlyForDeploymentPostprocessing = 0;
		};
/* End PBXSourcesBuildPhase section */

/* Begin PBXVariantGroup section */
		F90B4C9C20329C45006ADAF6 /* Main.storyboard */ = {
			isa = PBXVariantGroup;
			children = (
				F90B4C9D20329C45006ADAF6 /* Base */,
			);
			name = Main.storyboard;
			sourceTree = "<group>";
		};
		F90B4CA120329C45006ADAF6 /* LaunchScreen.storyboard */ = {
			isa = PBXVariantGroup;
			children = (
				F90B4CA220329C45006ADAF6 /* Base */,
			);
			name = LaunchScreen.storyboard;
			sourceTree = "<group>";
		};
		F96C2D142037E78800F8CBC7 /* Localizable.strings */ = {
			isa = PBXVariantGroup;
			children = (
				F96C2D132037E78800F8CBC7 /* en */,
			);
			name = Localizable.strings;
			sourceTree = "<group>";
		};
/* End PBXVariantGroup section */

/* Begin XCBuildConfiguration section */
		F9031F152035A469002EBE92 /* Staging */ = {
			isa = XCBuildConfiguration;
			buildSettings = {
				ALWAYS_SEARCH_USER_PATHS = NO;
				CLANG_ANALYZER_LOCALIZABILITY_NONLOCALIZED = YES;
				CLANG_ANALYZER_NONNULL = YES;
				CLANG_ANALYZER_NUMBER_OBJECT_CONVERSION = YES_AGGRESSIVE;
				CLANG_CXX_LANGUAGE_STANDARD = "gnu++14";
				CLANG_CXX_LIBRARY = "libc++";
				CLANG_ENABLE_MODULES = YES;
				CLANG_ENABLE_OBJC_ARC = YES;
				CLANG_WARN_BLOCK_CAPTURE_AUTORELEASING = YES;
				CLANG_WARN_BOOL_CONVERSION = YES;
				CLANG_WARN_COMMA = YES;
				CLANG_WARN_CONSTANT_CONVERSION = YES;
				CLANG_WARN_DEPRECATED_OBJC_IMPLEMENTATIONS = YES;
				CLANG_WARN_DIRECT_OBJC_ISA_USAGE = YES_ERROR;
				CLANG_WARN_DOCUMENTATION_COMMENTS = YES;
				CLANG_WARN_EMPTY_BODY = YES;
				CLANG_WARN_ENUM_CONVERSION = YES;
				CLANG_WARN_INFINITE_RECURSION = YES;
				CLANG_WARN_INT_CONVERSION = YES;
				CLANG_WARN_NON_LITERAL_NULL_CONVERSION = YES;
				CLANG_WARN_OBJC_IMPLICIT_RETAIN_SELF = YES;
				CLANG_WARN_OBJC_LITERAL_CONVERSION = YES;
				CLANG_WARN_OBJC_ROOT_CLASS = YES_ERROR;
				CLANG_WARN_RANGE_LOOP_ANALYSIS = YES;
				CLANG_WARN_STRICT_PROTOTYPES = YES;
				CLANG_WARN_SUSPICIOUS_MOVE = YES;
				CLANG_WARN_UNGUARDED_AVAILABILITY = YES_AGGRESSIVE;
				CLANG_WARN_UNREACHABLE_CODE = YES;
				CLANG_WARN__DUPLICATE_METHOD_MATCH = YES;
				CODE_SIGN_IDENTITY = "iPhone Developer";
				COPY_PHASE_STRIP = NO;
				DEBUG_INFORMATION_FORMAT = dwarf;
				ENABLE_STRICT_OBJC_MSGSEND = YES;
				ENABLE_TESTABILITY = YES;
				GCC_C_LANGUAGE_STANDARD = gnu11;
				GCC_DYNAMIC_NO_PIC = NO;
				GCC_NO_COMMON_BLOCKS = YES;
				GCC_OPTIMIZATION_LEVEL = 0;
				GCC_PREPROCESSOR_DEFINITIONS = (
					"DEBUG=1",
					"$(inherited)",
				);
				GCC_WARN_64_TO_32_BIT_CONVERSION = YES;
				GCC_WARN_ABOUT_RETURN_TYPE = YES_ERROR;
				GCC_WARN_UNDECLARED_SELECTOR = YES;
				GCC_WARN_UNINITIALIZED_AUTOS = YES_AGGRESSIVE;
				GCC_WARN_UNUSED_FUNCTION = YES;
				GCC_WARN_UNUSED_VARIABLE = YES;
				IPHONEOS_DEPLOYMENT_TARGET = 10.0;
				MTL_ENABLE_DEBUG_INFO = YES;
				ONLY_ACTIVE_ARCH = YES;
				PROVISIONING_PROFILE = "3b6534d4-7404-42bd-8dd1-ebd618ba6163";
				SDKROOT = iphoneos;
				SWIFT_ACTIVE_COMPILATION_CONDITIONS = DEBUG;
				SWIFT_OPTIMIZATION_LEVEL = "-Onone";
			};
			name = Staging;
		};
		F9031F162035A469002EBE92 /* Staging */ = {
			isa = XCBuildConfiguration;
			baseConfigurationReference = CF4F6DE0B0DBDFACF78C5DE6 /* Pods-GeekMeets.staging.xcconfig */;
			buildSettings = {
				ASSETCATALOG_COMPILER_APPICON_NAME = AppIcon;
				CLANG_ENABLE_MODULES = YES;
				CODE_SIGN_IDENTITY = "iPhone Developer";
				CODE_SIGN_STYLE = Manual;
				DEVELOPMENT_TEAM = 539289LEEH;
				INFOPLIST_FILE = "$(SRCROOT)/GeekMeets/Info.plist";
				IPHONEOS_DEPLOYMENT_TARGET = 10.0;
				LD_RUNPATH_SEARCH_PATHS = "$(inherited) @executable_path/Frameworks";
				LIBRARY_SEARCH_PATHS = (
					"$(inherited)",
					"$(PROJECT_DIR)/Basecode/Library",
				);
				PRODUCT_BUNDLE_IDENTIFIER = com.org.geekmeets;
				PRODUCT_NAME = "$(TARGET_NAME)";
				PROVISIONING_PROFILE = "6fe03dd0-bb5b-416c-b4fe-1118ff86f17c";
				PROVISIONING_PROFILE_SPECIFIER = SpaceGabWildCard;
				SWIFT_OBJC_BRIDGING_HEADER = "$(PRODUCT_NAME)/Application/Basecode-Bridging-Header.h";
				SWIFT_OPTIMIZATION_LEVEL = "-Onone";
				SWIFT_VERSION = 5.0;
				TARGETED_DEVICE_FAMILY = 1;
			};
			name = Staging;
		};
		F90B4CBB20329C45006ADAF6 /* Debug */ = {
			isa = XCBuildConfiguration;
			buildSettings = {
				ALWAYS_SEARCH_USER_PATHS = NO;
				CLANG_ANALYZER_LOCALIZABILITY_NONLOCALIZED = YES;
				CLANG_ANALYZER_NONNULL = YES;
				CLANG_ANALYZER_NUMBER_OBJECT_CONVERSION = YES_AGGRESSIVE;
				CLANG_CXX_LANGUAGE_STANDARD = "gnu++14";
				CLANG_CXX_LIBRARY = "libc++";
				CLANG_ENABLE_MODULES = YES;
				CLANG_ENABLE_OBJC_ARC = YES;
				CLANG_WARN_BLOCK_CAPTURE_AUTORELEASING = YES;
				CLANG_WARN_BOOL_CONVERSION = YES;
				CLANG_WARN_COMMA = YES;
				CLANG_WARN_CONSTANT_CONVERSION = YES;
				CLANG_WARN_DEPRECATED_OBJC_IMPLEMENTATIONS = YES;
				CLANG_WARN_DIRECT_OBJC_ISA_USAGE = YES_ERROR;
				CLANG_WARN_DOCUMENTATION_COMMENTS = YES;
				CLANG_WARN_EMPTY_BODY = YES;
				CLANG_WARN_ENUM_CONVERSION = YES;
				CLANG_WARN_INFINITE_RECURSION = YES;
				CLANG_WARN_INT_CONVERSION = YES;
				CLANG_WARN_NON_LITERAL_NULL_CONVERSION = YES;
				CLANG_WARN_OBJC_IMPLICIT_RETAIN_SELF = YES;
				CLANG_WARN_OBJC_LITERAL_CONVERSION = YES;
				CLANG_WARN_OBJC_ROOT_CLASS = YES_ERROR;
				CLANG_WARN_RANGE_LOOP_ANALYSIS = YES;
				CLANG_WARN_STRICT_PROTOTYPES = YES;
				CLANG_WARN_SUSPICIOUS_MOVE = YES;
				CLANG_WARN_UNGUARDED_AVAILABILITY = YES_AGGRESSIVE;
				CLANG_WARN_UNREACHABLE_CODE = YES;
				CLANG_WARN__DUPLICATE_METHOD_MATCH = YES;
				CODE_SIGN_IDENTITY = "iPhone Developer";
				COPY_PHASE_STRIP = NO;
				DEBUG_INFORMATION_FORMAT = dwarf;
				ENABLE_STRICT_OBJC_MSGSEND = YES;
				ENABLE_TESTABILITY = YES;
				GCC_C_LANGUAGE_STANDARD = gnu11;
				GCC_DYNAMIC_NO_PIC = NO;
				GCC_NO_COMMON_BLOCKS = YES;
				GCC_OPTIMIZATION_LEVEL = 0;
				GCC_PREPROCESSOR_DEFINITIONS = (
					"DEBUG=1",
					"$(inherited)",
				);
				GCC_WARN_64_TO_32_BIT_CONVERSION = YES;
				GCC_WARN_ABOUT_RETURN_TYPE = YES_ERROR;
				GCC_WARN_UNDECLARED_SELECTOR = YES;
				GCC_WARN_UNINITIALIZED_AUTOS = YES_AGGRESSIVE;
				GCC_WARN_UNUSED_FUNCTION = YES;
				GCC_WARN_UNUSED_VARIABLE = YES;
				IPHONEOS_DEPLOYMENT_TARGET = 10.0;
				MTL_ENABLE_DEBUG_INFO = YES;
				ONLY_ACTIVE_ARCH = YES;
				PROVISIONING_PROFILE = "3b6534d4-7404-42bd-8dd1-ebd618ba6163";
				SDKROOT = iphoneos;
				SWIFT_ACTIVE_COMPILATION_CONDITIONS = DEBUG;
				SWIFT_OPTIMIZATION_LEVEL = "-Onone";
			};
			name = Debug;
		};
		F90B4CBC20329C45006ADAF6 /* Release */ = {
			isa = XCBuildConfiguration;
			buildSettings = {
				ALWAYS_SEARCH_USER_PATHS = NO;
				CLANG_ANALYZER_LOCALIZABILITY_NONLOCALIZED = YES;
				CLANG_ANALYZER_NONNULL = YES;
				CLANG_ANALYZER_NUMBER_OBJECT_CONVERSION = YES_AGGRESSIVE;
				CLANG_CXX_LANGUAGE_STANDARD = "gnu++14";
				CLANG_CXX_LIBRARY = "libc++";
				CLANG_ENABLE_MODULES = YES;
				CLANG_ENABLE_OBJC_ARC = YES;
				CLANG_WARN_BLOCK_CAPTURE_AUTORELEASING = YES;
				CLANG_WARN_BOOL_CONVERSION = YES;
				CLANG_WARN_COMMA = YES;
				CLANG_WARN_CONSTANT_CONVERSION = YES;
				CLANG_WARN_DEPRECATED_OBJC_IMPLEMENTATIONS = YES;
				CLANG_WARN_DIRECT_OBJC_ISA_USAGE = YES_ERROR;
				CLANG_WARN_DOCUMENTATION_COMMENTS = YES;
				CLANG_WARN_EMPTY_BODY = YES;
				CLANG_WARN_ENUM_CONVERSION = YES;
				CLANG_WARN_INFINITE_RECURSION = YES;
				CLANG_WARN_INT_CONVERSION = YES;
				CLANG_WARN_NON_LITERAL_NULL_CONVERSION = YES;
				CLANG_WARN_OBJC_IMPLICIT_RETAIN_SELF = YES;
				CLANG_WARN_OBJC_LITERAL_CONVERSION = YES;
				CLANG_WARN_OBJC_ROOT_CLASS = YES_ERROR;
				CLANG_WARN_RANGE_LOOP_ANALYSIS = YES;
				CLANG_WARN_STRICT_PROTOTYPES = YES;
				CLANG_WARN_SUSPICIOUS_MOVE = YES;
				CLANG_WARN_UNGUARDED_AVAILABILITY = YES_AGGRESSIVE;
				CLANG_WARN_UNREACHABLE_CODE = YES;
				CLANG_WARN__DUPLICATE_METHOD_MATCH = YES;
				CODE_SIGN_IDENTITY = "iPhone Developer";
				COPY_PHASE_STRIP = NO;
				DEBUG_INFORMATION_FORMAT = "dwarf-with-dsym";
				ENABLE_NS_ASSERTIONS = NO;
				ENABLE_STRICT_OBJC_MSGSEND = YES;
				GCC_C_LANGUAGE_STANDARD = gnu11;
				GCC_NO_COMMON_BLOCKS = YES;
				GCC_WARN_64_TO_32_BIT_CONVERSION = YES;
				GCC_WARN_ABOUT_RETURN_TYPE = YES_ERROR;
				GCC_WARN_UNDECLARED_SELECTOR = YES;
				GCC_WARN_UNINITIALIZED_AUTOS = YES_AGGRESSIVE;
				GCC_WARN_UNUSED_FUNCTION = YES;
				GCC_WARN_UNUSED_VARIABLE = YES;
				IPHONEOS_DEPLOYMENT_TARGET = 10.0;
				MTL_ENABLE_DEBUG_INFO = NO;
				PROVISIONING_PROFILE = "3b6534d4-7404-42bd-8dd1-ebd618ba6163";
				SDKROOT = iphoneos;
				SWIFT_OPTIMIZATION_LEVEL = "-Owholemodule";
				VALIDATE_PRODUCT = YES;
			};
			name = Release;
		};
		F90B4CBE20329C45006ADAF6 /* Debug */ = {
			isa = XCBuildConfiguration;
			baseConfigurationReference = 36A8046D3032A36E9F05BAA1 /* Pods-GeekMeets.debug.xcconfig */;
			buildSettings = {
				ASSETCATALOG_COMPILER_APPICON_NAME = AppIcon;
				CLANG_ENABLE_MODULES = YES;
				CODE_SIGN_IDENTITY = "iPhone Developer";
				CODE_SIGN_STYLE = Manual;
				DEVELOPMENT_TEAM = 539289LEEH;
				INFOPLIST_FILE = "$(SRCROOT)/GeekMeets/Info.plist";
				IPHONEOS_DEPLOYMENT_TARGET = 10.0;
				LD_RUNPATH_SEARCH_PATHS = "$(inherited) @executable_path/Frameworks";
				LIBRARY_SEARCH_PATHS = (
					"$(inherited)",
					"$(PROJECT_DIR)/Basecode/Library",
				);
				PRODUCT_BUNDLE_IDENTIFIER = com.org.geekmeets;
				PRODUCT_NAME = "$(TARGET_NAME)";
				PROVISIONING_PROFILE = "6fe03dd0-bb5b-416c-b4fe-1118ff86f17c";
				PROVISIONING_PROFILE_SPECIFIER = SpaceGabWildCard;
				SWIFT_OBJC_BRIDGING_HEADER = "$(PRODUCT_NAME)/Application/Basecode-Bridging-Header.h";
				SWIFT_OPTIMIZATION_LEVEL = "-Onone";
				SWIFT_VERSION = 5.0;
				TARGETED_DEVICE_FAMILY = 1;
			};
			name = Debug;
		};
		F90B4CBF20329C45006ADAF6 /* Release */ = {
			isa = XCBuildConfiguration;
			baseConfigurationReference = 0E5083CE45B37361B6D908A2 /* Pods-GeekMeets.release.xcconfig */;
			buildSettings = {
				ASSETCATALOG_COMPILER_APPICON_NAME = AppIcon;
				CLANG_ENABLE_MODULES = YES;
				CODE_SIGN_IDENTITY = "iPhone Developer";
				CODE_SIGN_STYLE = Manual;
				DEVELOPMENT_TEAM = 539289LEEH;
				INFOPLIST_FILE = "$(SRCROOT)/GeekMeets/Info.plist";
				IPHONEOS_DEPLOYMENT_TARGET = 10.0;
				LD_RUNPATH_SEARCH_PATHS = "$(inherited) @executable_path/Frameworks";
				LIBRARY_SEARCH_PATHS = (
					"$(inherited)",
					"$(PROJECT_DIR)/Basecode/Library",
				);
				PRODUCT_BUNDLE_IDENTIFIER = com.org.geekmeets;
				PRODUCT_NAME = "$(TARGET_NAME)";
				PROVISIONING_PROFILE = "6fe03dd0-bb5b-416c-b4fe-1118ff86f17c";
				PROVISIONING_PROFILE_SPECIFIER = SpaceGabWildCard;
				SWIFT_OBJC_BRIDGING_HEADER = "$(PRODUCT_NAME)/Application/Basecode-Bridging-Header.h";
				SWIFT_VERSION = 5.0;
				TARGETED_DEVICE_FAMILY = 1;
			};
			name = Release;
		};
/* End XCBuildConfiguration section */

/* Begin XCConfigurationList section */
		F90B4C9020329C45006ADAF6 /* Build configuration list for PBXProject "GeekMeets" */ = {
			isa = XCConfigurationList;
			buildConfigurations = (
				F90B4CBB20329C45006ADAF6 /* Debug */,
				F9031F152035A469002EBE92 /* Staging */,
				F90B4CBC20329C45006ADAF6 /* Release */,
			);
			defaultConfigurationIsVisible = 0;
			defaultConfigurationName = Release;
		};
		F90B4CBD20329C45006ADAF6 /* Build configuration list for PBXNativeTarget "GeekMeets" */ = {
			isa = XCConfigurationList;
			buildConfigurations = (
				F90B4CBE20329C45006ADAF6 /* Debug */,
				F9031F162035A469002EBE92 /* Staging */,
				F90B4CBF20329C45006ADAF6 /* Release */,
			);
			defaultConfigurationIsVisible = 0;
			defaultConfigurationName = Release;
		};
/* End XCConfigurationList section */
	};
	rootObject = F90B4C8D20329C45006ADAF6 /* Project object */;
}
